# Generated by pub
# See https://dart.dev/tools/pub/glossary#lockfile
packages:
  _flutterfire_internals:
    dependency: transitive
    description:
      name: _flutterfire_internals
      sha256: e4be6711f96d3d4eebe79728897d645b7a5585bbfdd6d534878d202c171266d7
      url: "https://pub.dev"
    source: hosted
    version: "1.3.34"
  app_settings:
    dependency: "direct main"
    description:
      name: app_settings
      sha256: "09bc7fe0313a507087bec1a3baf555f0576e816a760cbb31813a88890a09d9e5"
      url: "https://pub.dev"
    source: hosted
    version: "5.1.1"
  archive:
    dependency: transitive
    description:
      name: archive
      sha256: "22600aa1e926be775fa5fe7e6894e7fb3df9efda8891c73f70fb3262399a432d"
      url: "https://pub.dev"
    source: hosted
    version: "3.4.10"
  args:
    dependency: transitive
    description:
      name: args
      sha256: eef6c46b622e0494a36c5a12d10d77fb4e855501a91c1b9ef9339326e58f0596
      url: "https://pub.dev"
    source: hosted
    version: "2.4.2"
  async:
    dependency: transitive
    description:
      name: async
      sha256: "947bfcf187f74dbc5e146c9eb9c0f10c9f8b30743e341481c1e2ed3ecc18c20c"
      url: "https://pub.dev"
    source: hosted
    version: "2.11.0"
  auto_size_text:
    dependency: "direct main"
    description:
      name: auto_size_text
      sha256: "3f5261cd3fb5f2a9ab4e2fc3fba84fd9fcaac8821f20a1d4e71f557521b22599"
      url: "https://pub.dev"
    source: hosted
    version: "3.0.0"
  boolean_selector:
    dependency: transitive
    description:
      name: boolean_selector
      sha256: "6cfb5af12253eaf2b368f07bacc5a80d1301a071c73360d746b7f2e32d762c66"
      url: "https://pub.dev"
    source: hosted
    version: "2.1.1"
  carousel_slider:
    dependency: "direct main"
    description:
      name: carousel_slider
      sha256: "9c695cc963bf1d04a47bd6021f68befce8970bcd61d24938e1fb0918cf5d9c42"
      url: "https://pub.dev"
    source: hosted
    version: "4.2.1"
  characters:
    dependency: transitive
    description:
      name: characters
      sha256: "04a925763edad70e8443c99234dc3328f442e811f1d8fd1a72f1c8ad0f69a605"
      url: "https://pub.dev"
    source: hosted
    version: "1.3.0"
  clock:
    dependency: transitive
    description:
      name: clock
      sha256: cb6d7f03e1de671e34607e909a7213e31d7752be4fb66a86d29fe1eb14bfb5cf
      url: "https://pub.dev"
    source: hosted
    version: "1.1.1"
  cloud_firestore:
    dependency: "direct main"
    description:
      name: cloud_firestore
      sha256: f71bdc277a2a79674d276e43a1d35fbf9d642c87d59ec381aa833e96122df1d8
      url: "https://pub.dev"
    source: hosted
    version: "4.17.4"
  cloud_firestore_platform_interface:
    dependency: transitive
    description:
      name: cloud_firestore_platform_interface
      sha256: "671e8b750cdc68c7ebacc7bd8ce812534d3e90a319e579334cc108a9e090428a"
      url: "https://pub.dev"
    source: hosted
    version: "6.2.4"
  cloud_firestore_web:
    dependency: transitive
    description:
      name: cloud_firestore_web
      sha256: c1b9cfd768e05b2530196a87ca40274ba9f1eec1408a71ee119b89838c2b5b80
      url: "https://pub.dev"
    source: hosted
    version: "3.12.4"
  cloud_functions:
    dependency: "direct main"
    description:
      name: cloud_functions
      sha256: fd10d81b7bba2f8a6da7c6d7dce5a92be6944c6b3a1341b4c102c34279d23e18
      url: "https://pub.dev"
    source: hosted
    version: "4.7.5"
  cloud_functions_platform_interface:
    dependency: transitive
    description:
      name: cloud_functions_platform_interface
      sha256: d78f5313e6eea27bfccd35841753a9395ab32a4465159fd1a5891072054b3702
      url: "https://pub.dev"
    source: hosted
    version: "5.5.27"
  cloud_functions_web:
    dependency: transitive
    description:
      name: cloud_functions_web
      sha256: c90ac25c6a2bbf2fdb9864e36507bc661e7d1e1b4da2f702e513622ef56d4ad1
      url: "https://pub.dev"
    source: hosted
    version: "4.9.5"
  collection:
    dependency: "direct main"
    description:
      name: collection
      sha256: ee67cb0715911d28db6bf4af1026078bd6f0128b07a5f66fb2ed94ec6783c09a
      url: "https://pub.dev"
    source: hosted
    version: "1.18.0"
  convert:
    dependency: transitive
    description:
      name: convert
      sha256: "0f08b14755d163f6e2134cb58222dd25ea2a2ee8a195e53983d57c075324d592"
      url: "https://pub.dev"
    source: hosted
    version: "3.1.1"
  cross_file:
    dependency: transitive
    description:
      name: cross_file
      sha256: "2f9d2cbccb76127ba28528cb3ae2c2326a122446a83de5a056aaa3880d3882c5"
      url: "https://pub.dev"
    source: hosted
    version: "0.3.3+7"
  crypto:
    dependency: transitive
    description:
      name: crypto
      sha256: ff625774173754681d66daaf4a448684fb04b78f902da9cb3d308c19cc5e8bab
      url: "https://pub.dev"
    source: hosted
    version: "3.0.3"
  cupertino_icons:
    dependency: "direct main"
    description:
      name: cupertino_icons
      sha256: e35129dc44c9118cee2a5603506d823bab99c68393879edb440e0090d07586be
      url: "https://pub.dev"
    source: hosted
    version: "1.0.5"
  dbus:
    dependency: transitive
    description:
      name: dbus
      sha256: "365c771ac3b0e58845f39ec6deebc76e3276aa9922b0cc60840712094d9047ac"
      url: "https://pub.dev"
    source: hosted
    version: "0.7.10"
  dropdown_model_list:
    dependency: "direct main"
    description:
      name: dropdown_model_list
      sha256: "1064553fd85193ada20258b054bf3a995e5a703dd21086ac6a763cfae9e1ce65"
      url: "https://pub.dev"
    source: hosted
    version: "2.1.0"
  eventify:
    dependency: transitive
    description:
      name: eventify
      sha256: b829429f08586cc2001c628e7499e3e3c2493a1d895fd73b00ecb23351aa5a66
      url: "https://pub.dev"
    source: hosted
    version: "1.0.1"
  expandable_text:
    dependency: "direct main"
    description:
      name: expandable_text
      sha256: "7d03ea48af6987b20ece232678b744862aa3250d4a71e2aaf1e4af90015d76b1"
      url: "https://pub.dev"
    source: hosted
    version: "2.3.0"
  fake_async:
    dependency: transitive
    description:
      name: fake_async
      sha256: "511392330127add0b769b75a987850d136345d9227c6b94c96a04cf4a391bf78"
      url: "https://pub.dev"
    source: hosted
    version: "1.3.1"
  ffi:
    dependency: transitive
    description:
      name: ffi
      sha256: "7bf0adc28a23d395f19f3f1eb21dd7cfd1dd9f8e1c50051c069122e6853bc878"
      url: "https://pub.dev"
    source: hosted
    version: "2.1.0"
  file:
    dependency: transitive
    description:
      name: file
      sha256: "5fc22d7c25582e38ad9a8515372cd9a93834027aacf1801cf01164dac0ffa08c"
      url: "https://pub.dev"
    source: hosted
    version: "7.0.0"
  file_selector_linux:
    dependency: transitive
    description:
      name: file_selector_linux
      sha256: "045d372bf19b02aeb69cacf8b4009555fb5f6f0b7ad8016e5f46dd1387ddd492"
      url: "https://pub.dev"
    source: hosted
    version: "0.9.2+1"
  file_selector_macos:
    dependency: transitive
    description:
      name: file_selector_macos
      sha256: b15c3da8bd4908b9918111fa486903f5808e388b8d1c559949f584725a6594d6
      url: "https://pub.dev"
    source: hosted
    version: "0.9.3+3"
  file_selector_platform_interface:
    dependency: transitive
    description:
      name: file_selector_platform_interface
      sha256: "0aa47a725c346825a2bd396343ce63ac00bda6eff2fbc43eabe99737dede8262"
      url: "https://pub.dev"
    source: hosted
    version: "2.6.1"
  file_selector_windows:
    dependency: transitive
    description:
      name: file_selector_windows
      sha256: d3547240c20cabf205c7c7f01a50ecdbc413755814d6677f3cb366f04abcead0
      url: "https://pub.dev"
    source: hosted
    version: "0.9.3+1"
  firebase_auth:
    dependency: "direct main"
    description:
      name: firebase_auth
      sha256: ea95cd29e27e8ec1971af263d74b208ce85dbc7df9197d8b5eab2aa7de7cfea8
      url: "https://pub.dev"
    source: hosted
    version: "4.19.6"
  firebase_auth_platform_interface:
    dependency: transitive
    description:
      name: firebase_auth_platform_interface
      sha256: c252d2c97a02cf03fbf3595c5f7edf2a731062356b09d2c338f0b3d63567239f
      url: "https://pub.dev"
    source: hosted
    version: "7.2.7"
  firebase_auth_web:
    dependency: transitive
    description:
      name: firebase_auth_web
      sha256: "5db2319d59b4bb08cf0cc26e0f110f9ae1cf9cf775ce516e5cc38cd6704253de"
      url: "https://pub.dev"
    source: hosted
    version: "5.11.6"
  firebase_core:
    dependency: "direct main"
    description:
      name: firebase_core
      sha256: "4b5100e2dbc3fe72c2d4241a046d3f01457fe11293283a324f5c52575e3406f8"
      url: "https://pub.dev"
    source: hosted
    version: "2.31.1"
  firebase_core_platform_interface:
    dependency: transitive
    description:
      name: firebase_core_platform_interface
      sha256: c437ae5d17e6b5cc7981cf6fd458a5db4d12979905f9aafd1fea930428a9fe63
      url: "https://pub.dev"
    source: hosted
    version: "5.0.0"
  firebase_core_web:
    dependency: transitive
    description:
      name: firebase_core_web
      sha256: "43d9e951ac52b87ae9cc38ecdcca1e8fa7b52a1dd26a96085ba41ce5108db8e9"
      url: "https://pub.dev"
    source: hosted
    version: "2.17.0"
  firebase_messaging:
    dependency: "direct main"
    description:
      name: firebase_messaging
      sha256: "62c27bd7c9c724b5ee5fd52e06224b8861d6e692f08b3d7bc3ada28552f27d41"
      url: "https://pub.dev"
    source: hosted
    version: "14.9.3"
  firebase_messaging_platform_interface:
    dependency: transitive
    description:
      name: firebase_messaging_platform_interface
      sha256: f73e9fe4bc25307520b714cec39a2e1a625c64511d497964f3e06c5d60146948
      url: "https://pub.dev"
    source: hosted
    version: "4.5.36"
  firebase_messaging_web:
    dependency: transitive
    description:
      name: firebase_messaging_web
      sha256: "5ed108929f988d55c497f1456ad5e407501a746869306f058b6d2b2e704790f3"
      url: "https://pub.dev"
    source: hosted
    version: "3.8.6"
  firebase_storage:
    dependency: "direct main"
    description:
      name: firebase_storage
      sha256: acbdd91f0bfa9b9ee0654d67bef9a5e1499ea4d786b7423a03a58ca8e9870ea3
      url: "https://pub.dev"
    source: hosted
    version: "11.7.6"
  firebase_storage_platform_interface:
    dependency: transitive
    description:
      name: firebase_storage_platform_interface
      sha256: "8021188daed5f540af3032b3edabd1832fd6bbbc84bc9aa77ec780a27f8dd73f"
      url: "https://pub.dev"
    source: hosted
    version: "5.1.21"
  firebase_storage_web:
    dependency: transitive
    description:
      name: firebase_storage_web
      sha256: "710a735da58f7416a14fdc057e13297760b43e49ccb08e03a403300a77bde543"
      url: "https://pub.dev"
    source: hosted
    version: "3.9.6"
  flutter:
    dependency: "direct main"
    description: flutter
    source: sdk
    version: "0.0.0"
  flutter_launcher_icons:
    dependency: "direct main"
    description:
      name: flutter_launcher_icons
      sha256: "559c600f056e7c704bd843723c21e01b5fba47e8824bd02422165bcc02a5de1d"
      url: "https://pub.dev"
    source: hosted
    version: "0.9.3"
  flutter_lints:
    dependency: "direct dev"
    description:
      name: flutter_lints
      sha256: aeb0b80a8b3709709c9cc496cdc027c5b3216796bc0af0ce1007eaf24464fd4c
      url: "https://pub.dev"
    source: hosted
    version: "2.0.1"
  flutter_local_notifications:
    dependency: "direct main"
    description:
      name: flutter_local_notifications
      sha256: "401643a6ea9d8451365f2ec11145335bf130560cfde367bdf8f0be6d60f89479"
      url: "https://pub.dev"
    source: hosted
    version: "15.1.3"
  flutter_local_notifications_linux:
    dependency: transitive
    description:
      name: flutter_local_notifications_linux
      sha256: "33f741ef47b5f63cc7f78fe75eeeac7e19f171ff3c3df054d84c1e38bedb6a03"
      url: "https://pub.dev"
    source: hosted
    version: "4.0.0+1"
  flutter_local_notifications_platform_interface:
    dependency: transitive
    description:
      name: flutter_local_notifications_platform_interface
      sha256: "7cf643d6d5022f3baed0be777b0662cce5919c0a7b86e700299f22dc4ae660ef"
      url: "https://pub.dev"
    source: hosted
    version: "7.0.0+1"
  flutter_localizations:
    dependency: transitive
    description: flutter
    source: sdk
    version: "0.0.0"
  flutter_plugin_android_lifecycle:
    dependency: transitive
    description:
      name: flutter_plugin_android_lifecycle
      sha256: "96af49aa6b57c10a312106ad6f71deed5a754029c24789bbf620ba784f0bd0b0"
      url: "https://pub.dev"
    source: hosted
    version: "2.0.14"
  flutter_screenutil:
    dependency: "direct main"
    description:
      name: flutter_screenutil
      sha256: "8cf100b8e4973dc570b6415a2090b0bfaa8756ad333db46939efc3e774ee100d"
      url: "https://pub.dev"
    source: hosted
    version: "5.9.0"
  flutter_svg:
    dependency: "direct main"
    description:
      name: flutter_svg
      sha256: "7b4ca6cf3304575fe9c8ec64813c8d02ee41d2afe60bcfe0678bcb5375d596a2"
      url: "https://pub.dev"
    source: hosted
    version: "2.0.10+1"
  flutter_test:
    dependency: "direct dev"
    description: flutter
    source: sdk
    version: "0.0.0"
  flutter_web_plugins:
    dependency: transitive
    description: flutter
    source: sdk
    version: "0.0.0"
  fluttertoast:
    dependency: "direct main"
    description:
      name: fluttertoast
      sha256: "81b68579e23fcbcada2db3d50302813d2371664afe6165bc78148050ab94bf66"
      url: "https://pub.dev"
    source: hosted
    version: "8.2.5"
  font_awesome_flutter:
    dependency: "direct main"
    description:
      name: font_awesome_flutter
      sha256: "275ff26905134bcb59417cf60ad979136f1f8257f2f449914b2c3e05bbb4cd6f"
      url: "https://pub.dev"
    source: hosted
    version: "10.7.0"
  geolocator:
    dependency: "direct main"
    description:
      name: geolocator
      sha256: "5c23f3613f50586c0bbb2b8f970240ae66b3bd992088cf60dd5ee2e6f7dde3a8"
      url: "https://pub.dev"
    source: hosted
    version: "9.0.2"
  geolocator_android:
    dependency: transitive
    description:
      name: geolocator_android
      sha256: "2ba24690aee0a3e1b6b7bd47c2711a50c874e95e4c758346589d35194adf6d6a"
      url: "https://pub.dev"
    source: hosted
    version: "4.1.7"
  geolocator_apple:
    dependency: transitive
    description:
      name: geolocator_apple
      sha256: "22b60ca3b8c0f58e6a9688ff855ee39ab813ca3f0c0609a48d282f6631266f2e"
      url: "https://pub.dev"
    source: hosted
    version: "2.2.5"
  geolocator_platform_interface:
    dependency: transitive
    description:
      name: geolocator_platform_interface
      sha256: af4d69231452f9620718588f41acc4cb58312368716bfff2e92e770b46ce6386
      url: "https://pub.dev"
    source: hosted
    version: "4.0.7"
  geolocator_web:
    dependency: transitive
    description:
      name: geolocator_web
      sha256: f68a122da48fcfff68bbc9846bb0b74ef651afe84a1b1f6ec20939de4d6860e1
      url: "https://pub.dev"
    source: hosted
    version: "2.1.6"
  geolocator_windows:
    dependency: transitive
    description:
      name: geolocator_windows
      sha256: f5911c88e23f48b598dd506c7c19eff0e001645bdc03bb6fecb9f4549208354d
      url: "https://pub.dev"
    source: hosted
    version: "0.1.1"
  getwidget:
    dependency: "direct main"
    description:
      name: getwidget
      sha256: "91df14a8d80e21f3ec02759295b90cc8badb8a872b90d34ad4aeb4085d833b5c"
      url: "https://pub.dev"
    source: hosted
    version: "4.0.0"
  google_fonts:
    dependency: "direct main"
    description:
      name: google_fonts
      sha256: e20ff62b158b96f392bfc8afe29dee1503c94fbea2cbe8186fd59b756b8ae982
      url: "https://pub.dev"
    source: hosted
    version: "5.1.0"
  google_maps_flutter:
    dependency: "direct main"
    description:
      name: google_maps_flutter
      sha256: "0a7e0bd1dfe594bc86892d2e69062e3f80b267e378042d82e6b87a8efc798013"
      url: "https://pub.dev"
    source: hosted
    version: "2.2.6"
  google_maps_flutter_android:
    dependency: transitive
    description:
      name: google_maps_flutter_android
      sha256: b1aeab571b33e983ced9977f2f0eca2b25925f6319e99e3901cfc1675e1b5ada
      url: "https://pub.dev"
    source: hosted
    version: "2.4.13"
  google_maps_flutter_ios:
    dependency: transitive
    description:
      name: google_maps_flutter_ios
      sha256: e9ad74415a222573625a2c1717adc1e375b18e8ce660fc12db734d1bda1132d4
      url: "https://pub.dev"
    source: hosted
    version: "2.2.1"
  google_maps_flutter_platform_interface:
    dependency: transitive
    description:
      name: google_maps_flutter_platform_interface
      sha256: a07811d2b82055815ede75e1fe4b7b76f71a0b4820b26f71bdaddd157d6a3e20
      url: "https://pub.dev"
    source: hosted
    version: "2.2.6"
  http:
    dependency: "direct main"
    description:
      name: http
      sha256: "761a297c042deedc1ffbb156d6e2af13886bb305c2a343a4d972504cd67dd938"
      url: "https://pub.dev"
    source: hosted
    version: "1.2.1"
  http_parser:
    dependency: transitive
    description:
      name: http_parser
      sha256: "2aa08ce0341cc9b354a498388e30986515406668dbcc4f7c950c3e715496693b"
      url: "https://pub.dev"
    source: hosted
    version: "4.0.2"
  image:
    dependency: transitive
    description:
      name: image
      sha256: "8e9d133755c3e84c73288363e6343157c383a0c6c56fc51afcc5d4d7180306d6"
      url: "https://pub.dev"
    source: hosted
    version: "3.3.0"
  image_picker:
    dependency: "direct main"
    description:
      name: image_picker
      sha256: "33974eca2e87e8b4e3727f1b94fa3abcb25afe80b6bc2c4d449a0e150aedf720"
      url: "https://pub.dev"
    source: hosted
    version: "1.1.1"
  image_picker_android:
    dependency: transitive
    description:
      name: image_picker_android
      sha256: "42c098e7fb6334746be37cdc30369ade356ed4f14d48b7a0313f95a9159f4321"
      url: "https://pub.dev"
    source: hosted
    version: "0.8.9+5"
  image_picker_for_web:
    dependency: transitive
    description:
      name: image_picker_for_web
      sha256: e2423c53a68b579a7c37a1eda967b8ae536c3d98518e5db95ca1fe5719a730a3
      url: "https://pub.dev"
    source: hosted
    version: "3.0.2"
  image_picker_ios:
    dependency: transitive
    description:
      name: image_picker_ios
      sha256: fadafce49e8569257a0cad56d24438a6fa1f0cbd7ee0af9b631f7492818a4ca3
      url: "https://pub.dev"
    source: hosted
    version: "0.8.9+1"
  image_picker_linux:
    dependency: transitive
    description:
      name: image_picker_linux
      sha256: "4ed1d9bb36f7cd60aa6e6cd479779cc56a4cb4e4de8f49d487b1aaad831300fa"
      url: "https://pub.dev"
    source: hosted
    version: "0.2.1+1"
  image_picker_macos:
    dependency: transitive
    description:
      name: image_picker_macos
      sha256: "3f5ad1e8112a9a6111c46d0b57a7be2286a9a07fc6e1976fdf5be2bd31d4ff62"
      url: "https://pub.dev"
    source: hosted
    version: "0.2.1+1"
  image_picker_platform_interface:
    dependency: transitive
    description:
      name: image_picker_platform_interface
      sha256: "9ec26d410ff46f483c5519c29c02ef0e02e13a543f882b152d4bfd2f06802f80"
      url: "https://pub.dev"
    source: hosted
    version: "2.10.0"
  image_picker_windows:
    dependency: transitive
    description:
      name: image_picker_windows
      sha256: "6ad07afc4eb1bc25f3a01084d28520496c4a3bb0cb13685435838167c9dcedeb"
      url: "https://pub.dev"
    source: hosted
    version: "0.2.1+1"
  intl:
    dependency: transitive
    description:
      name: intl
      sha256: "3bc132a9dbce73a7e4a21a17d06e1878839ffbf975568bc875c60537824b0c4d"
      url: "https://pub.dev"
    source: hosted
    version: "0.18.1"
  js:
    dependency: transitive
    description:
      name: js
      sha256: f2c445dce49627136094980615a031419f7f3eb393237e4ecd97ac15dea343f3
      url: "https://pub.dev"
    source: hosted
    version: "0.6.7"
  leak_tracker:
    dependency: transitive
    description:
      name: leak_tracker
      sha256: "78eb209deea09858f5269f5a5b02be4049535f568c07b275096836f01ea323fa"
      url: "https://pub.dev"
    source: hosted
    version: "10.0.0"
  leak_tracker_flutter_testing:
    dependency: transitive
    description:
      name: leak_tracker_flutter_testing
      sha256: b46c5e37c19120a8a01918cfaf293547f47269f7cb4b0058f21531c2465d6ef0
      url: "https://pub.dev"
    source: hosted
    version: "2.0.1"
  leak_tracker_testing:
    dependency: transitive
    description:
      name: leak_tracker_testing
      sha256: a597f72a664dbd293f3bfc51f9ba69816f84dcd403cdac7066cb3f6003f3ab47
      url: "https://pub.dev"
    source: hosted
    version: "2.0.1"
  lints:
    dependency: transitive
    description:
      name: lints
      sha256: "5e4a9cd06d447758280a8ac2405101e0e2094d2a1dbdd3756aec3fe7775ba593"
      url: "https://pub.dev"
    source: hosted
    version: "2.0.1"
  location:
    dependency: "direct main"
    description:
      name: location
      sha256: "9051959f6f2ccadd887b28b66e9cbbcc25b6838e37cf9e894c421ccc0ebf80b5"
      url: "https://pub.dev"
    source: hosted
    version: "4.4.0"
  location_platform_interface:
    dependency: transitive
    description:
      name: location_platform_interface
      sha256: "62eeaf1658e92e4459b727f55a3c328eccbac8ba043fa6d262ac5286ad48384c"
      url: "https://pub.dev"
    source: hosted
    version: "2.3.0"
  location_web:
    dependency: transitive
    description:
      name: location_web
      sha256: "6c08c408a040534c0269c4ff9fe17eebb5a36dea16512fbaf116b9c8bc21545b"
      url: "https://pub.dev"
    source: hosted
    version: "3.1.1"
  logger:
    dependency: transitive
    description:
      name: logger
      sha256: "7ad7215c15420a102ec687bb320a7312afd449bac63bfb1c60d9787c27b9767f"
      url: "https://pub.dev"
    source: hosted
    version: "1.4.0"
  matcher:
    dependency: transitive
    description:
      name: matcher
      sha256: d2323aa2060500f906aa31a895b4030b6da3ebdcc5619d14ce1aada65cd161cb
      url: "https://pub.dev"
    source: hosted
    version: "0.12.16+1"
  material_color_utilities:
    dependency: transitive
    description:
      name: material_color_utilities
      sha256: "0e0a020085b65b6083975e499759762399b4475f766c21668c4ecca34ea74e5a"
      url: "https://pub.dev"
    source: hosted
    version: "0.8.0"
  messaging:
    dependency: "direct main"
    description:
      name: messaging
      sha256: "301892025f7c2c353e17f2c0d2971ecdea49b00fda81c99b2beccaf8c632114e"
      url: "https://pub.dev"
    source: hosted
    version: "0.2.1"
  meta:
    dependency: transitive
    description:
      name: meta
      sha256: d584fa6707a52763a52446f02cc621b077888fb63b93bbcb1143a7be5a0c0c04
      url: "https://pub.dev"
    source: hosted
    version: "1.11.0"
  mime:
    dependency: transitive
    description:
      name: mime
      sha256: e4ff8e8564c03f255408decd16e7899da1733852a9110a58fe6d1b817684a63e
      url: "https://pub.dev"
    source: hosted
    version: "1.0.4"
  package_info_plus:
    dependency: transitive
    description:
      name: package_info_plus
      sha256: "7e76fad405b3e4016cd39d08f455a4eb5199723cf594cd1b8916d47140d93017"
      url: "https://pub.dev"
    source: hosted
    version: "4.2.0"
  package_info_plus_platform_interface:
    dependency: transitive
    description:
      name: package_info_plus_platform_interface
      sha256: "9bc8ba46813a4cc42c66ab781470711781940780fd8beddd0c3da62506d3a6c6"
      url: "https://pub.dev"
    source: hosted
    version: "2.0.1"
  path:
    dependency: transitive
    description:
      name: path
      sha256: "087ce49c3f0dc39180befefc60fdb4acd8f8620e5682fe2476afd0b3688bb4af"
      url: "https://pub.dev"
    source: hosted
    version: "1.9.0"
  path_parsing:
    dependency: transitive
    description:
      name: path_parsing
      sha256: e3e67b1629e6f7e8100b367d3db6ba6af4b1f0bb80f64db18ef1fbabd2fa9ccf
      url: "https://pub.dev"
    source: hosted
    version: "1.0.1"
  path_provider:
    dependency: transitive
    description:
      name: path_provider
      sha256: b27217933eeeba8ff24845c34003b003b2b22151de3c908d0e679e8fe1aa078b
      url: "https://pub.dev"
    source: hosted
    version: "2.1.2"
  path_provider_android:
    dependency: transitive
    description:
      name: path_provider_android
      sha256: "51f0d2c554cfbc9d6a312ab35152fc77e2f0b758ce9f1a444a3a1e5b8f3c6b7f"
      url: "https://pub.dev"
    source: hosted
    version: "2.2.3"
  path_provider_foundation:
    dependency: transitive
    description:
      name: path_provider_foundation
      sha256: "5a7999be66e000916500be4f15a3633ebceb8302719b47b9cc49ce924125350f"
      url: "https://pub.dev"
    source: hosted
    version: "2.3.2"
  path_provider_linux:
    dependency: transitive
    description:
      name: path_provider_linux
      sha256: f7a1fe3a634fe7734c8d3f2766ad746ae2a2884abe22e241a8b301bf5cac3279
      url: "https://pub.dev"
    source: hosted
    version: "2.2.1"
  path_provider_platform_interface:
    dependency: transitive
    description:
      name: path_provider_platform_interface
      sha256: "94b1e0dd80970c1ce43d5d4e050a9918fce4f4a775e6142424c30a29a363265c"
      url: "https://pub.dev"
    source: hosted
    version: "2.1.1"
  path_provider_windows:
    dependency: transitive
    description:
      name: path_provider_windows
      sha256: "8bc9f22eee8690981c22aa7fc602f5c85b497a6fb2ceb35ee5a5e5ed85ad8170"
      url: "https://pub.dev"
    source: hosted
    version: "2.2.1"
  pay:
    dependency: "direct main"
    description:
      name: pay
      sha256: ad904db0e06848cade6990a3ce1e10e921ae48f7ee06447873e07b9688ac1fc5
      url: "https://pub.dev"
    source: hosted
    version: "2.0.0"
  pay_android:
    dependency: transitive
    description:
      name: pay_android
      sha256: aa46cd0ece1807d3fa293113fdb84afb5fc4b6ed60cf09a4886b753acb300859
      url: "https://pub.dev"
    source: hosted
    version: "2.0.0"
  pay_ios:
    dependency: transitive
    description:
      name: pay_ios
      sha256: "75ccb285d03f22b136c58ab8e8e0c4b614ee52a8b67e6ccfb680d4d8c04a70f6"
      url: "https://pub.dev"
    source: hosted
    version: "1.0.11"
  pay_platform_interface:
    dependency: transitive
    description:
      name: pay_platform_interface
      sha256: "26a379e33c46508987c7afee8cde6f4aca5b5ab0afc697c27efbd33a9c2ea82a"
      url: "https://pub.dev"
    source: hosted
    version: "1.0.4"
  permission_handler:
    dependency: "direct main"
    description:
      name: permission_handler
      sha256: "33c6a1253d1f95fd06fa74b65b7ba907ae9811f9d5c1d3150e51417d04b8d6a8"
      url: "https://pub.dev"
    source: hosted
    version: "10.2.0"
  permission_handler_android:
    dependency: transitive
    description:
      name: permission_handler_android
      sha256: "8028362b40c4a45298f1cbfccd227c8dd6caf0e27088a69f2ba2ab15464159e2"
      url: "https://pub.dev"
    source: hosted
    version: "10.2.0"
  permission_handler_apple:
    dependency: transitive
    description:
      name: permission_handler_apple
      sha256: ee96ac32f5a8e6f80756e25b25b9f8e535816c8e6665a96b6d70681f8c4f7e85
      url: "https://pub.dev"
    source: hosted
    version: "9.0.8"
  permission_handler_platform_interface:
    dependency: transitive
    description:
      name: permission_handler_platform_interface
      sha256: "6760eb5ef34589224771010805bea6054ad28453906936f843a8cc4d3a55c4a4"
      url: "https://pub.dev"
    source: hosted
    version: "3.12.0"
  permission_handler_windows:
    dependency: transitive
    description:
      name: permission_handler_windows
      sha256: cc074aace208760f1eee6aa4fae766b45d947df85bc831cde77009cdb4720098
      url: "https://pub.dev"
    source: hosted
    version: "0.1.3"
  petitparser:
    dependency: transitive
    description:
      name: petitparser
      sha256: cb3798bef7fc021ac45b308f4b51208a152792445cce0448c9a4ba5879dd8750
      url: "https://pub.dev"
    source: hosted
    version: "5.4.0"
  platform:
    dependency: transitive
    description:
      name: platform
      sha256: "12220bb4b65720483f8fa9450b4332347737cf8213dd2840d8b2c823e47243ec"
      url: "https://pub.dev"
    source: hosted
    version: "3.1.4"
  plugin_platform_interface:
    dependency: transitive
    description:
      name: plugin_platform_interface
      sha256: "4820fbfdb9478b1ebae27888254d445073732dae3d6ea81f0b7e06d5dedc3f02"
      url: "https://pub.dev"
    source: hosted
    version: "2.1.8"
  pointycastle:
    dependency: transitive
    description:
      name: pointycastle
      sha256: "43ac87de6e10afabc85c445745a7b799e04de84cebaa4fd7bf55a5e1e9604d29"
      url: "https://pub.dev"
    source: hosted
    version: "3.7.4"
  razorpay_flutter:
    dependency: "direct main"
    description:
      name: razorpay_flutter
      sha256: eadd633997183286e924157ce5033f3b3d953530632f3e3c6057dc7b1f605fb7
      url: "https://pub.dev"
    source: hosted
    version: "1.3.6"
  shared_preferences:
    dependency: "direct main"
    description:
      name: shared_preferences
      sha256: "81429e4481e1ccfb51ede496e916348668fd0921627779233bd24cc3ff6abd02"
      url: "https://pub.dev"
    source: hosted
    version: "2.2.2"
  shared_preferences_android:
    dependency: transitive
    description:
      name: shared_preferences_android
      sha256: "8568a389334b6e83415b6aae55378e158fbc2314e074983362d20c562780fb06"
      url: "https://pub.dev"
    source: hosted
    version: "2.2.1"
  shared_preferences_foundation:
    dependency: transitive
    description:
      name: shared_preferences_foundation
      sha256: "7708d83064f38060c7b39db12aefe449cb8cdc031d6062280087bc4cdb988f5c"
      url: "https://pub.dev"
    source: hosted
    version: "2.3.5"
  shared_preferences_linux:
    dependency: transitive
    description:
      name: shared_preferences_linux
      sha256: "9f2cbcf46d4270ea8be39fa156d86379077c8a5228d9dfdb1164ae0bb93f1faa"
      url: "https://pub.dev"
    source: hosted
    version: "2.3.2"
  shared_preferences_platform_interface:
    dependency: transitive
    description:
      name: shared_preferences_platform_interface
      sha256: d4ec5fc9ebb2f2e056c617112aa75dcf92fc2e4faaf2ae999caa297473f75d8a
      url: "https://pub.dev"
    source: hosted
    version: "2.3.1"
  shared_preferences_web:
    dependency: transitive
    description:
      name: shared_preferences_web
      sha256: d762709c2bbe80626ecc819143013cc820fa49ca5e363620ee20a8b15a3e3daf
      url: "https://pub.dev"
    source: hosted
    version: "2.2.1"
  shared_preferences_windows:
    dependency: transitive
    description:
      name: shared_preferences_windows
      sha256: "841ad54f3c8381c480d0c9b508b89a34036f512482c407e6df7a9c4aa2ef8f59"
      url: "https://pub.dev"
    source: hosted
    version: "2.3.2"
  sky_engine:
    dependency: transitive
    description: flutter
    source: sdk
    version: "0.0.99"
  source_span:
    dependency: transitive
    description:
      name: source_span
      sha256: "53e943d4206a5e30df338fd4c6e7a077e02254531b138a15aec3bd143c1a8b3c"
      url: "https://pub.dev"
    source: hosted
    version: "1.10.0"
  stack_trace:
    dependency: transitive
    description:
      name: stack_trace
      sha256: "73713990125a6d93122541237550ee3352a2d84baad52d375a4cad2eb9b7ce0b"
      url: "https://pub.dev"
    source: hosted
    version: "1.11.1"
  stacked_card_carousel:
    dependency: "direct main"
    description:
      name: stacked_card_carousel
      sha256: "24fa85ae54d34348bcb48688f326278c3d433156c7064e5f6089b365e0e6b954"
      url: "https://pub.dev"
    source: hosted
    version: "0.0.4"
  stream_channel:
    dependency: transitive
    description:
      name: stream_channel
      sha256: ba2aa5d8cc609d96bbb2899c28934f9e1af5cddbd60a827822ea467161eb54e7
      url: "https://pub.dev"
    source: hosted
    version: "2.1.2"
  stream_transform:
    dependency: transitive
    description:
      name: stream_transform
      sha256: "14a00e794c7c11aa145a170587321aedce29769c08d7f58b1d141da75e3b1c6f"
      url: "https://pub.dev"
    source: hosted
    version: "2.1.0"
  string_scanner:
    dependency: transitive
    description:
      name: string_scanner
      sha256: "556692adab6cfa87322a115640c11f13cb77b3f076ddcc5d6ae3c20242bedcde"
      url: "https://pub.dev"
    source: hosted
    version: "1.2.0"
  term_glyph:
    dependency: transitive
    description:
      name: term_glyph
      sha256: a29248a84fbb7c79282b40b8c72a1209db169a2e0542bce341da992fe1bc7e84
      url: "https://pub.dev"
    source: hosted
    version: "1.2.1"
  test_api:
    dependency: transitive
    description:
      name: test_api
      sha256: "5c2f730018264d276c20e4f1503fd1308dfbbae39ec8ee63c5236311ac06954b"
      url: "https://pub.dev"
    source: hosted
    version: "0.6.1"
  timezone:
    dependency: transitive
    description:
      name: timezone
      sha256: "1cfd8ddc2d1cfd836bc93e67b9be88c3adaeca6f40a00ca999104c30693cdca0"
      url: "https://pub.dev"
    source: hosted
    version: "0.9.2"
  typed_data:
    dependency: transitive
    description:
      name: typed_data
      sha256: facc8d6582f16042dd49f2463ff1bd6e2c9ef9f3d5da3d9b087e244a7b564b3c
      url: "https://pub.dev"
    source: hosted
    version: "1.3.2"
  upi_india:
    dependency: "direct main"
    description:
      name: upi_india
      sha256: "483f1425ee8f0897397861b107e50b3aa195fec71215f86e906b625e841e90dd"
      url: "https://pub.dev"
    source: hosted
    version: "3.0.1"
  upi_payment_flutter:
    dependency: "direct main"
    description:
      name: upi_payment_flutter
      sha256: d82965276c351781707039b0654738484826e8613bb4fce85ce5623f2ab8be19
      url: "https://pub.dev"
    source: hosted
    version: "0.0.4"
  url_launcher:
    dependency: "direct main"
    description:
      name: url_launcher
      sha256: "6ce1e04375be4eed30548f10a315826fd933c1e493206eab82eed01f438c8d2e"
      url: "https://pub.dev"
    source: hosted
    version: "6.2.6"
  url_launcher_android:
    dependency: transitive
    description:
      name: url_launcher_android
      sha256: "507dc655b1d9cb5ebc756032eb785f114e415f91557b73bf60b7e201dfedeb2f"
      url: "https://pub.dev"
    source: hosted
    version: "6.2.2"
  url_launcher_ios:
    dependency: transitive
    description:
      name: url_launcher_ios
      sha256: "75bb6fe3f60070407704282a2d295630cab232991eb52542b18347a8a941df03"
      url: "https://pub.dev"
    source: hosted
    version: "6.2.4"
  url_launcher_linux:
    dependency: transitive
    description:
      name: url_launcher_linux
      sha256: ab360eb661f8879369acac07b6bb3ff09d9471155357da8443fd5d3cf7363811
      url: "https://pub.dev"
    source: hosted
    version: "3.1.1"
  url_launcher_macos:
    dependency: transitive
    description:
      name: url_launcher_macos
      sha256: b7244901ea3cf489c5335bdacda07264a6e960b1c1b1a9f91e4bc371d9e68234
      url: "https://pub.dev"
    source: hosted
    version: "3.1.0"
  url_launcher_platform_interface:
    dependency: transitive
    description:
      name: url_launcher_platform_interface
      sha256: "4aca1e060978e19b2998ee28503f40b5ba6226819c2b5e3e4d1821e8ccd92198"
      url: "https://pub.dev"
    source: hosted
    version: "2.3.0"
  url_launcher_web:
    dependency: transitive
    description:
      name: url_launcher_web
      sha256: "7fd2f55fe86cea2897b963e864dc01a7eb0719ecc65fcef4c1cc3d686d718bb2"
      url: "https://pub.dev"
    source: hosted
    version: "2.2.0"
  url_launcher_windows:
    dependency: transitive
    description:
      name: url_launcher_windows
      sha256: ecf9725510600aa2bb6d7ddabe16357691b6d2805f66216a97d1b881e21beff7
      url: "https://pub.dev"
    source: hosted
    version: "3.1.1"
  uuid:
    dependency: transitive
    description:
      name: uuid
      sha256: "648e103079f7c64a36dc7d39369cabb358d377078a051d6ae2ad3aa539519313"
      url: "https://pub.dev"
    source: hosted
    version: "3.0.7"
  vector_graphics:
    dependency: transitive
    description:
      name: vector_graphics
      sha256: "32c3c684e02f9bc0afb0ae0aa653337a2fe022e8ab064bcd7ffda27a74e288e3"
      url: "https://pub.dev"
    source: hosted
    version: "1.1.11+1"
  vector_graphics_codec:
    dependency: transitive
    description:
      name: vector_graphics_codec
      sha256: c86987475f162fadff579e7320c7ddda04cd2fdeffbe1129227a85d9ac9e03da
      url: "https://pub.dev"
    source: hosted
    version: "1.1.11+1"
  vector_graphics_compiler:
    dependency: transitive
    description:
      name: vector_graphics_compiler
      sha256: "12faff3f73b1741a36ca7e31b292ddeb629af819ca9efe9953b70bd63fc8cd81"
      url: "https://pub.dev"
    source: hosted
    version: "1.1.11+1"
  vector_math:
    dependency: transitive
    description:
      name: vector_math
      sha256: "80b3257d1492ce4d091729e3a67a60407d227c27241d6927be0130c98e741803"
      url: "https://pub.dev"
    source: hosted
    version: "2.1.4"
  vm_service:
    dependency: transitive
    description:
      name: vm_service
      sha256: b3d56ff4341b8f182b96aceb2fa20e3dcb336b9f867bc0eafc0de10f1048e957
      url: "https://pub.dev"
    source: hosted
    version: "13.0.0"
  web:
    dependency: transitive
    description:
      name: web
      sha256: "97da13628db363c635202ad97068d47c5b8aa555808e7a9411963c533b449b27"
      url: "https://pub.dev"
    source: hosted
    version: "0.5.1"
  win32:
    dependency: transitive
    description:
      name: win32
      sha256: b0f37db61ba2f2e9b7a78a1caece0052564d1bc70668156cf3a29d676fe4e574
      url: "https://pub.dev"
    source: hosted
    version: "5.1.1"
  xdg_directories:
    dependency: transitive
    description:
      name: xdg_directories
      sha256: faea9dee56b520b55a566385b84f2e8de55e7496104adada9962e0bd11bcff1d
      url: "https://pub.dev"
    source: hosted
    version: "1.0.4"
  xml:
    dependency: transitive
    description:
      name: xml
      sha256: "5bc72e1e45e941d825fd7468b9b4cc3b9327942649aeb6fc5cdbf135f0a86e84"
      url: "https://pub.dev"
    source: hosted
    version: "6.3.0"
  yaml:
    dependency: transitive
    description:
      name: yaml
      sha256: "75769501ea3489fca56601ff33454fe45507ea3bfb014161abc3b43ae25989d5"
      url: "https://pub.dev"
    source: hosted
    version: "3.1.2"
sdks:
  dart: ">=3.3.0 <4.0.0"
  flutter: ">=3.19.0"
